
Microsoft Visual Studio Solution File, Format Version 12.00
# Visual Studio Version 16
VisualStudioVersion = 16.0.30320.27
MinimumVisualStudioVersion = 10.0.40219.1
Project("{FAE04EC0-301F-11D3-BF4B-00C04F79EFBC}") = "ApiGateWayDemo", "ApiGateWayDemo\ApiGateWayDemo.csproj", "{A2707D07-2DFE-42C9-9D45-D599BE978639}"
EndProject
Project("{FAE04EC0-301F-11D3-BF4B-00C04F79EFBC}") = "SampleApi1", "SampleApi1\SampleApi1.csproj", "{12B2D1F7-5615-4B5B-A834-829D0BB252FA}"
EndProject
Project("{FAE04EC0-301F-11D3-BF4B-00C04F79EFBC}") = "SampleApi2", "SampleApi2\SampleApi2.csproj", "{C25ACACB-3E49-4FDE-A19A-672BE9852D08}"
EndProject
Global
	GlobalSection(SolutionConfigurationPlatforms) = preSolution
		Debug|Any CPU = Debug|Any CPU
		Release|Any CPU = Release|Any CPU
	EndGlobalSection
	GlobalSection(ProjectConfigurationPlatforms) = postSolution
		{A2707D07-2DFE-42C9-9D45-D599BE978639}.Debug|Any CPU.ActiveCfg = Debug|Any CPU
		{A2707D07-2DFE-42C9-9D45-D599BE978639}.Debug|Any CPU.Build.0 = Debug|Any CPU
		{A2707D07-2DFE-42C9-9D45-D599BE978639}.Release|Any CPU.ActiveCfg = Release|Any CPU
		{A2707D07-2DFE-42C9-9D45-D599BE978639}.Release|Any CPU.Build.0 = Release|Any CPU
		{12B2D1F7-5615-4B5B-A834-829D0BB252FA}.Debug|Any CPU.ActiveCfg = Debug|Any CPU
		{12B2D1F7-5615-4B5B-A834-829D0BB252FA}.Debug|Any CPU.Build.0 = Debug|Any CPU
		{12B2D1F7-5615-4B5B-A834-829D0BB252FA}.Release|Any CPU.ActiveCfg = Release|Any CPU
		{12B2D1F7-5615-4B5B-A834-829D0BB252FA}.Release|Any CPU.Build.0 = Release|Any CPU
		{C25ACACB-3E49-4FDE-A19A-672BE9852D08}.Debug|Any CPU.ActiveCfg = Debug|Any CPU
		{C25ACACB-3E49-4FDE-A19A-672BE9852D08}.Debug|Any CPU.Build.0 = Debug|Any CPU
		{C25ACACB-3E49-4FDE-A19A-672BE9852D08}.Release|Any CPU.ActiveCfg = Release|Any CPU
		{C25ACACB-3E49-4FDE-A19A-672BE9852D08}.Release|Any CPU.Build.0 = Release|Any CPU
	EndGlobalSection
	GlobalSection(SolutionProperties) = preSolution
		HideSolutionNode = FALSE
	EndGlobalSection
	GlobalSection(ExtensibilityGlobals) = postSolution
		SolutionGuid = {680D5B2F-418A-4256-A0BD-1EA4574DDCEC}
	EndGlobalSection
EndGlobal
